// !$*UTF8*$!
{
	archiveVersion = 1;
	classes = {
	};
	objectVersion = 56;
	objects = {

/* Begin PBXBuildFile section */
		AC5FB3CD2D2C56ED00C933FC /* OnlineShopApp.swift in Sources */ = {isa = PBXBuildFile; fileRef = AC5FB3CC2D2C56ED00C933FC /* OnlineShopApp.swift */; };
		AC5FB3CF2D2C56ED00C933FC /* ContentView.swift in Sources */ = {isa = PBXBuildFile; fileRef = AC5FB3CE2D2C56ED00C933FC /* ContentView.swift */; };
		AC5FB3D12D2C56EF00C933FC /* Assets.xcassets in Resources */ = {isa = PBXBuildFile; fileRef = AC5FB3D02D2C56EF00C933FC /* Assets.xcassets */; };
		AC5FB3D42D2C56EF00C933FC /* Preview Assets.xcassets in Resources */ = {isa = PBXBuildFile; fileRef = AC5FB3D32D2C56EF00C933FC /* Preview Assets.xcassets */; };
		AC5FB3DB2D2C5B5D00C933FC /* GoogleService-Info.plist in Resources */ = {isa = PBXBuildFile; fileRef = AC5FB3DA2D2C5B5D00C933FC /* GoogleService-Info.plist */; };
		AC5FB3DE2D2C5C1E00C933FC /* FirebaseAnalytics in Frameworks */ = {isa = PBXBuildFile; productRef = AC5FB3DD2D2C5C1E00C933FC /* FirebaseAnalytics */; };
		AC5FB3E02D2C5C1E00C933FC /* FirebaseAnalyticsOnDeviceConversion in Frameworks */ = {isa = PBXBuildFile; productRef = AC5FB3DF2D2C5C1E00C933FC /* FirebaseAnalyticsOnDeviceConversion */; };
		AC5FB3E22D2C5C1E00C933FC /* FirebaseAnalyticsWithoutAdIdSupport in Frameworks */ = {isa = PBXBuildFile; productRef = AC5FB3E12D2C5C1E00C933FC /* FirebaseAnalyticsWithoutAdIdSupport */; };
		AC5FB3E42D2C5C1E00C933FC /* FirebaseAppCheck in Frameworks */ = {isa = PBXBuildFile; productRef = AC5FB3E32D2C5C1E00C933FC /* FirebaseAppCheck */; };
		AC5FB3E62D2C5C1E00C933FC /* FirebaseAppDistribution-Beta in Frameworks */ = {isa = PBXBuildFile; productRef = AC5FB3E52D2C5C1E00C933FC /* FirebaseAppDistribution-Beta */; };
/* End PBXBuildFile section */

/* Begin PBXFileReference section */
		AC5FB3C92D2C56ED00C933FC /* OnlineShop.app */ = {isa = PBXFileReference; explicitFileType = wrapper.application; includeInIndex = 0; path = OnlineShop.app; sourceTree = BUILT_PRODUCTS_DIR; };
		AC5FB3CC2D2C56ED00C933FC /* OnlineShopApp.swift */ = {isa = PBXFileReference; lastKnownFileType = sourcecode.swift; path = OnlineShopApp.swift; sourceTree = "<group>"; };
		AC5FB3CE2D2C56ED00C933FC /* ContentView.swift */ = {isa = PBXFileReference; lastKnownFileType = sourcecode.swift; path = ContentView.swift; sourceTree = "<group>"; };
		AC5FB3D02D2C56EF00C933FC /* Assets.xcassets */ = {isa = PBXFileReference; lastKnownFileType = folder.assetcatalog; path = Assets.xcassets; sourceTree = "<group>"; };
		AC5FB3D32D2C56EF00C933FC /* Preview Assets.xcassets */ = {isa = PBXFileReference; lastKnownFileType = folder.assetcatalog; path = "Preview Assets.xcassets"; sourceTree = "<group>"; };
		AC5FB3DA2D2C5B5D00C933FC /* GoogleService-Info.plist */ = {isa = PBXFileReference; fileEncoding = 4; lastKnownFileType = text.plist.xml; path = "GoogleService-Info.plist"; sourceTree = "<group>"; };
/* End PBXFileReference section */

/* Begin PBXFrameworksBuildPhase section */
		AC5FB3C62D2C56ED00C933FC /* Frameworks */ = {
			isa = PBXFrameworksBuildPhase;
			buildActionMask = 2147483647;
			files = (
				AC5FB3E42D2C5C1E00C933FC /* FirebaseAppCheck in Frameworks */,
				AC5FB3DE2D2C5C1E00C933FC /* FirebaseAnalytics in Frameworks */,
				AC5FB3E62D2C5C1E00C933FC /* FirebaseAppDistribution-Beta in Frameworks */,
				AC5FB3E22D2C5C1E00C933FC /* FirebaseAnalyticsWithoutAdIdSupport in Frameworks */,
				AC5FB3E02D2C5C1E00C933FC /* FirebaseAnalyticsOnDeviceConversion in Frameworks */,
			);
			runOnlyForDeploymentPostprocessing = 0;
		};
/* End PBXFrameworksBuildPhase section */

/* Begin PBXGroup section */
		AC5FB3C02D2C56ED00C933FC = {
			isa = PBXGroup;
			children = (
				AC5FB3CB2D2C56ED00C933FC /* OnlineShop */,
				AC5FB3CA2D2C56ED00C933FC /* Products */,
			);
			sourceTree = "<group>";
		};
		AC5FB3CA2D2C56ED00C933FC /* Products */ = {
			isa = PBXGroup;
			children = (
				AC5FB3C92D2C56ED00C933FC /* OnlineShop.app */,
			);
			name = Products;
			sourceTree = "<group>";
		};
		AC5FB3CB2D2C56ED00C933FC /* OnlineShop */ = {
			isa = PBXGroup;
			children = (
				AC5FB3DA2D2C5B5D00C933FC /* GoogleService-Info.plist */,
				AC5FB3CC2D2C56ED00C933FC /* OnlineShopApp.swift */,
				AC5FB3CE2D2C56ED00C933FC /* ContentView.swift */,
				AC5FB3D02D2C56EF00C933FC /* Assets.xcassets */,
				AC5FB3D22D2C56EF00C933FC /* Preview Content */,
			);
			path = OnlineShop;
			sourceTree = "<group>";
		};
		AC5FB3D22D2C56EF00C933FC /* Preview Content */ = {
			isa = PBXGroup;
			children = (
				AC5FB3D32D2C56EF00C933FC /* Preview Assets.xcassets */,
			);
			path = "Preview Content";
			sourceTree = "<group>";
		};
/* End PBXGroup section */

/* Begin PBXNativeTarget section */
		AC5FB3C82D2C56ED00C933FC /* OnlineShop */ = {
			isa = PBXNativeTarget;
			buildConfigurationList = AC5FB3D72D2C56EF00C933FC /* Build configuration list for PBXNativeTarget "OnlineShop" */;
			buildPhases = (
				AC5FB3C52D2C56ED00C933FC /* Sources */,
				AC5FB3C62D2C56ED00C933FC /* Frameworks */,
				AC5FB3C72D2C56ED00C933FC /* Resources */,
			);
			buildRules = (
			);
			dependencies = (
			);
			name = OnlineShop;
			packageProductDependencies = (
				AC5FB3DD2D2C5C1E00C933FC /* FirebaseAnalytics */,
				AC5FB3DF2D2C5C1E00C933FC /* FirebaseAnalyticsOnDeviceConversion */,
				AC5FB3E12D2C5C1E00C933FC /* FirebaseAnalyticsWithoutAdIdSupport */,
				AC5FB3E32D2C5C1E00C933FC /* FirebaseAppCheck */,
				AC5FB3E52D2C5C1E00C933FC /* FirebaseAppDistribution-Beta */,
			);
			productName = OnlineShop;
			productReference = AC5FB3C92D2C56ED00C933FC /* OnlineShop.app */;
			productType = "com.apple.product-type.application";
		};
/* End PBXNativeTarget section */

/* Begin PBXProject section */
		AC5FB3C12D2C56ED00C933FC /* Project object */ = {
			isa = PBXProject;
			attributes = {
				BuildIndependentTargetsInParallel = 1;
				LastSwiftUpdateCheck = 1500;
				LastUpgradeCheck = 1500;
				TargetAttributes = {
					AC5FB3C82D2C56ED00C933FC = {
						CreatedOnToolsVersion = 15.0.1;
					};
				};
			};
			buildConfigurationList = AC5FB3C42D2C56ED00C933FC /* Build configuration list for PBXProject "OnlineShop" */;
			compatibilityVersion = "Xcode 14.0";
			developmentRegion = en;
			hasScannedForEncodings = 0;
			knownRegions = (
				en,
				Base,
			);
			mainGroup = AC5FB3C02D2C56ED00C933FC;
			packageReferences = (
				AC5FB3DC2D2C5C1E00C933FC /* XCRemoteSwiftPackageReference "firebase-ios-sdk" */,
			);
			productRefGroup = AC5FB3CA2D2C56ED00C933FC /* Products */;
			projectDirPath = "";
			projectRoot = "";
			targets = (
				AC5FB3C82D2C56ED00C933FC /* OnlineShop */,
			);
		};
/* End PBXProject section */

/* Begin PBXResourcesBuildPhase section */
		AC5FB3C72D2C56ED00C933FC /* Resources */ = {
			isa = PBXResourcesBuildPhase;
			buildActionMask = 2147483647;
			files = (
				AC5FB3D42D2C56EF00C933FC /* Preview Assets.xcassets in Resources */,
				AC5FB3D12D2C56EF00C933FC /* Assets.xcassets in Resources */,
				AC5FB3DB2D2C5B5D00C933FC /* GoogleService-Info.plist in Resources */,
			);
			runOnlyForDeploymentPostprocessing = 0;
		};
/* End PBXResourcesBuildPhase section */

/* Begin PBXSourcesBuildPhase section */
		AC5FB3C52D2C56ED00C933FC /* Sources */ = {
			isa = PBXSourcesBuildPhase;
			buildActionMask = 2147483647;
			files = (
				AC5FB3CF2D2C56ED00C933FC /* ContentView.swift in Sources */,
				AC5FB3CD2D2C56ED00C933FC /* OnlineShopApp.swift in Sources */,
			);
			runOnlyForDeploymentPostprocessing = 0;
		};
/* End PBXSourcesBuildPhase section */

/* Begin XCBuildConfiguration section */
		AC5FB3D52D2C56EF00C933FC /* Debug */ = {
			isa = XCBuildConfiguration;
			buildSettings = {
				ALWAYS_SEARCH_USER_PATHS = NO;
				ASSETCATALOG_COMPILER_GENERATE_SWIFT_ASSET_SYMBOL_EXTENSIONS = YES;
				CLANG_ANALYZER_NONNULL = YES;
				CLANG_ANALYZER_NUMBER_OBJECT_CONVERSION = YES_AGGRESSIVE;
				CLANG_CXX_LANGUAGE_STANDARD = "gnu++20";
				CLANG_ENABLE_MODULES = YES;
				CLANG_ENABLE_OBJC_ARC = YES;
				CLANG_ENABLE_OBJC_WEAK = YES;
				CLANG_WARN_BLOCK_CAPTURE_AUTORELEASING = YES;
				CLANG_WARN_BOOL_CONVERSION = YES;
				CLANG_WARN_COMMA = YES;
				CLANG_WARN_CONSTANT_CONVERSION = YES;
				CLANG_WARN_DEPRECATED_OBJC_IMPLEMENTATIONS = YES;
				CLANG_WARN_DIRECT_OBJC_ISA_USAGE = YES_ERROR;
				CLANG_WARN_DOCUMENTATION_COMMENTS = YES;
				CLANG_WARN_EMPTY_BODY = YES;
				CLANG_WARN_ENUM_CONVERSION = YES;
				CLANG_WARN_INFINITE_RECURSION = YES;
				CLANG_WARN_INT_CONVERSION = YES;
				CLANG_WARN_NON_LITERAL_NULL_CONVERSION = YES;
				CLANG_WARN_OBJC_IMPLICIT_RETAIN_SELF = YES;
				CLANG_WARN_OBJC_LITERAL_CONVERSION = YES;
				CLANG_WARN_OBJC_ROOT_CLASS = YES_ERROR;
				CLANG_WARN_QUOTED_INCLUDE_IN_FRAMEWORK_HEADER = YES;
				CLANG_WARN_RANGE_LOOP_ANALYSIS = YES;
				CLANG_WARN_STRICT_PROTOTYPES = YES;
				CLANG_WARN_SUSPICIOUS_MOVE = YES;
				CLANG_WARN_UNGUARDED_AVAILABILITY = YES_AGGRESSIVE;
				CLANG_WARN_UNREACHABLE_CODE = YES;
				CLANG_WARN__DUPLICATE_METHOD_MATCH = YES;
				COPY_PHASE_STRIP = NO;
				DEBUG_INFORMATION_FORMAT = dwarf;
				ENABLE_STRICT_OBJC_MSGSEND = YES;
				ENABLE_TESTABILITY = YES;
				ENABLE_USER_SCRIPT_SANDBOXING = YES;
				GCC_C_LANGUAGE_STANDARD = gnu17;
				GCC_DYNAMIC_NO_PIC = NO;
				GCC_NO_COMMON_BLOCKS = YES;
				GCC_OPTIMIZATION_LEVEL = 0;
				GCC_PREPROCESSOR_DEFINITIONS = (
					"DEBUG=1",
					"$(inherited)",
				);
				GCC_WARN_64_TO_32_BIT_CONVERSION = YES;
				GCC_WARN_ABOUT_RETURN_TYPE = YES_ERROR;
				GCC_WARN_UNDECLARED_SELECTOR = YES;
				GCC_WARN_UNINITIALIZED_AUTOS = YES_AGGRESSIVE;
				GCC_WARN_UNUSED_FUNCTION = YES;
				GCC_WARN_UNUSED_VARIABLE = YES;
				IPHONEOS_DEPLOYMENT_TARGET = 17.0;
				LOCALIZATION_PREFERS_STRING_CATALOGS = YES;
				MTL_ENABLE_DEBUG_INFO = INCLUDE_SOURCE;
				MTL_FAST_MATH = YES;
				ONLY_ACTIVE_ARCH = YES;
				SDKROOT = iphoneos;
				SWIFT_ACTIVE_COMPILATION_CONDITIONS = "DEBUG $(inherited)";
				SWIFT_OPTIMIZATION_LEVEL = "-Onone";
			};
			name = Debug;
		};
		AC5FB3D62D2C56EF00C933FC /* Release */ = {
			isa = XCBuildConfiguration;
			buildSettings = {
				ALWAYS_SEARCH_USER_PATHS = NO;
				ASSETCATALOG_COMPILER_GENERATE_SWIFT_ASSET_SYMBOL_EXTENSIONS = YES;
				CLANG_ANALYZER_NONNULL = YES;
				CLANG_ANALYZER_NUMBER_OBJECT_CONVERSION = YES_AGGRESSIVE;
				CLANG_CXX_LANGUAGE_STANDARD = "gnu++20";
				CLANG_ENABLE_MODULES = YES;
				CLANG_ENABLE_OBJC_ARC = YES;
				CLANG_ENABLE_OBJC_WEAK = YES;
				CLANG_WARN_BLOCK_CAPTURE_AUTORELEASING = YES;
				CLANG_WARN_BOOL_CONVERSION = YES;
				CLANG_WARN_COMMA = YES;
				CLANG_WARN_CONSTANT_CONVERSION = YES;
				CLANG_WARN_DEPRECATED_OBJC_IMPLEMENTATIONS = YES;
				CLANG_WARN_DIRECT_OBJC_ISA_USAGE = YES_ERROR;
				CLANG_WARN_DOCUMENTATION_COMMENTS = YES;
				CLANG_WARN_EMPTY_BODY = YES;
				CLANG_WARN_ENUM_CONVERSION = YES;
				CLANG_WARN_INFINITE_RECURSION = YES;
				CLANG_WARN_INT_CONVERSION = YES;
				CLANG_WARN_NON_LITERAL_NULL_CONVERSION = YES;
				CLANG_WARN_OBJC_IMPLICIT_RETAIN_SELF = YES;
				CLANG_WARN_OBJC_LITERAL_CONVERSION = YES;
				CLANG_WARN_OBJC_ROOT_CLASS = YES_ERROR;
				CLANG_WARN_QUOTED_INCLUDE_IN_FRAMEWORK_HEADER = YES;
				CLANG_WARN_RANGE_LOOP_ANALYSIS = YES;
				CLANG_WARN_STRICT_PROTOTYPES = YES;
				CLANG_WARN_SUSPICIOUS_MOVE = YES;
				CLANG_WARN_UNGUARDED_AVAILABILITY = YES_AGGRESSIVE;
				CLANG_WARN_UNREACHABLE_CODE = YES;
				CLANG_WARN__DUPLICATE_METHOD_MATCH = YES;
				COPY_PHASE_STRIP = NO;
				DEBUG_INFORMATION_FORMAT = "dwarf-with-dsym";
				ENABLE_NS_ASSERTIONS = NO;
				ENABLE_STRICT_OBJC_MSGSEND = YES;
				ENABLE_USER_SCRIPT_SANDBOXING = YES;
				GCC_C_LANGUAGE_STANDARD = gnu17;
				GCC_NO_COMMON_BLOCKS = YES;
				GCC_WARN_64_TO_32_BIT_CONVERSION = YES;
				GCC_WARN_ABOUT_RETURN_TYPE = YES_ERROR;
				GCC_WARN_UNDECLARED_SELECTOR = YES;
				GCC_WARN_UNINITIALIZED_AUTOS = YES_AGGRESSIVE;
				GCC_WARN_UNUSED_FUNCTION = YES;
				GCC_WARN_UNUSED_VARIABLE = YES;
				IPHONEOS_DEPLOYMENT_TARGET = 17.0;
				LOCALIZATION_PREFERS_STRING_CATALOGS = YES;
				MTL_ENABLE_DEBUG_INFO = NO;
				MTL_FAST_MATH = YES;
				SDKROOT = iphoneos;
				SWIFT_COMPILATION_MODE = wholemodule;
				VALIDATE_PRODUCT = YES;
			};
			name = Release;
		};
		AC5FB3D82D2C56EF00C933FC /* Debug */ = {
			isa = XCBuildConfiguration;
			buildSettings = {
				ASSETCATALOG_COMPILER_APPICON_NAME = AppIcon;
				ASSETCATALOG_COMPILER_GLOBAL_ACCENT_COLOR_NAME = AccentColor;
				CODE_SIGN_STYLE = Automatic;
				CURRENT_PROJECT_VERSION = 1;
				DEVELOPMENT_ASSET_PATHS = "\"OnlineShop/Preview Content\"";
				DEVELOPMENT_TEAM = MSVFBRY49T;
				ENABLE_PREVIEWS = YES;
				GENERATE_INFOPLIST_FILE = YES;
				INFOPLIST_KEY_UIApplicationSceneManifest_Generation = YES;
				INFOPLIST_KEY_UIApplicationSupportsIndirectInputEvents = YES;
				INFOPLIST_KEY_UILaunchScreen_Generation = YES;
				INFOPLIST_KEY_UISupportedInterfaceOrientations = UIInterfaceOrientationPortrait;
				INFOPLIST_KEY_UISupportedInterfaceOrientations_iPad = "UIInterfaceOrientationLandscapeLeft UIInterfaceOrientationLandscapeRight UIInterfaceOrientationPortrait UIInterfaceOrientationPortraitUpsideDown";
				LD_RUNPATH_SEARCH_PATHS = (
					"$(inherited)",
					"@executable_path/Frameworks",
				);
				MARKETING_VERSION = 1.0;
				PRODUCT_BUNDLE_IDENTIFIER = com.nikiforov.OnlineShop;
				PRODUCT_NAME = "$(TARGET_NAME)";
				SUPPORTED_PLATFORMS = "iphoneos iphonesimulator";
				SUPPORTS_MACCATALYST = NO;
				SUPPORTS_MAC_DESIGNED_FOR_IPHONE_IPAD = NO;
				SWIFT_EMIT_LOC_STRINGS = YES;
				SWIFT_VERSION = 5.0;
				TARGETED_DEVICE_FAMILY = 1;
			};
			name = Debug;
		};
		AC5FB3D92D2C56EF00C933FC /* Release */ = {
			isa = XCBuildConfiguration;
			buildSettings = {
				ASSETCATALOG_COMPILER_APPICON_NAME = AppIcon;
				ASSETCATALOG_COMPILER_GLOBAL_ACCENT_COLOR_NAME = AccentColor;
				CODE_SIGN_STYLE = Automatic;
				CURRENT_PROJECT_VERSION = 1;
				DEVELOPMENT_ASSET_PATHS = "\"OnlineShop/Preview Content\"";
				DEVELOPMENT_TEAM = MSVFBRY49T;
				ENABLE_PREVIEWS = YES;
				GENERATE_INFOPLIST_FILE = YES;
				INFOPLIST_KEY_UIApplicationSceneManifest_Generation = YES;
				INFOPLIST_KEY_UIApplicationSupportsIndirectInputEvents = YES;
				INFOPLIST_KEY_UILaunchScreen_Generation = YES;
				INFOPLIST_KEY_UISupportedInterfaceOrientations = UIInterfaceOrientationPortrait;
				INFOPLIST_KEY_UISupportedInterfaceOrientations_iPad = "UIInterfaceOrientationLandscapeLeft UIInterfaceOrientationLandscapeRight UIInterfaceOrientationPortrait UIInterfaceOrientationPortraitUpsideDown";
				LD_RUNPATH_SEARCH_PATHS = (
					"$(inherited)",
					"@executable_path/Frameworks",
				);
				MARKETING_VERSION = 1.0;
				PRODUCT_BUNDLE_IDENTIFIER = com.nikiforov.OnlineShop;
				PRODUCT_NAME = "$(TARGET_NAME)";
				SUPPORTED_PLATFORMS = "iphoneos iphonesimulator";
				SUPPORTS_MACCATALYST = NO;
				SUPPORTS_MAC_DESIGNED_FOR_IPHONE_IPAD = NO;
				SWIFT_EMIT_LOC_STRINGS = YES;
				SWIFT_VERSION = 5.0;
				TARGETED_DEVICE_FAMILY = 1;
			};
			name = Release;
		};
/* End XCBuildConfiguration section */

/* Begin XCConfigurationList section */
		AC5FB3C42D2C56ED00C933FC /* Build configuration list for PBXProject "OnlineShop" */ = {
			isa = XCConfigurationList;
			buildConfigurations = (
				AC5FB3D52D2C56EF00C933FC /* Debug */,
				AC5FB3D62D2C56EF00C933FC /* Release */,
			);
			defaultConfigurationIsVisible = 0;
			defaultConfigurationName = Release;
		};
		AC5FB3D72D2C56EF00C933FC /* Build configuration list for PBXNativeTarget "OnlineShop" */ = {
			isa = XCConfigurationList;
			buildConfigurations = (
				AC5FB3D82D2C56EF00C933FC /* Debug */,
				AC5FB3D92D2C56EF00C933FC /* Release */,
			);
			defaultConfigurationIsVisible = 0;
			defaultConfigurationName = Release;
		};
/* End XCConfigurationList section */

/* Begin XCRemoteSwiftPackageReference section */
		AC5FB3DC2D2C5C1E00C933FC /* XCRemoteSwiftPackageReference "firebase-ios-sdk" */ = {
			isa = XCRemoteSwiftPackageReference;
			repositoryURL = "https://github.com/firebase/firebase-ios-sdk";
			requirement = {
				kind = upToNextMajorVersion;
				minimumVersion = 11.6.0;
			};
		};
/* End XCRemoteSwiftPackageReference section */

/* Begin XCSwiftPackageProductDependency section */
		AC5FB3DD2D2C5C1E00C933FC /* FirebaseAnalytics */ = {
			isa = XCSwiftPackageProductDependency;
			package = AC5FB3DC2D2C5C1E00C933FC /* XCRemoteSwiftPackageReference "firebase-ios-sdk" */;
			productName = FirebaseAnalytics;
		};
		AC5FB3DF2D2C5C1E00C933FC /* FirebaseAnalyticsOnDeviceConversion */ = {
			isa = XCSwiftPackageProductDependency;
			package = AC5FB3DC2D2C5C1E00C933FC /* XCRemoteSwiftPackageReference "firebase-ios-sdk" */;
			productName = FirebaseAnalyticsOnDeviceConversion;
		};
		AC5FB3E12D2C5C1E00C933FC /* FirebaseAnalyticsWithoutAdIdSupport */ = {
			isa = XCSwiftPackageProductDependency;
			package = AC5FB3DC2D2C5C1E00C933FC /* XCRemoteSwiftPackageReference "firebase-ios-sdk" */;
			productName = FirebaseAnalyticsWithoutAdIdSupport;
		};
		AC5FB3E32D2C5C1E00C933FC /* FirebaseAppCheck */ = {
			isa = XCSwiftPackageProductDependency;
			package = AC5FB3DC2D2C5C1E00C933FC /* XCRemoteSwiftPackageReference "firebase-ios-sdk" */;
			productName = FirebaseAppCheck;
		};
		AC5FB3E52D2C5C1E00C933FC /* FirebaseAppDistribution-Beta */ = {
			isa = XCSwiftPackageProductDependency;
			package = AC5FB3DC2D2C5C1E00C933FC /* XCRemoteSwiftPackageReference "firebase-ios-sdk" */;
			productName = "FirebaseAppDistribution-Beta";
		};
/* End XCSwiftPackageProductDependency section */
	};
	rootObject = AC5FB3C12D2C56ED00C933FC /* Project object */;
}
