// !$*UTF8*$!
{
	archiveVersion = 1;
	classes = {
	};
	objectVersion = 56;
	objects = {

/* Begin PBXBuildFile section */
		AC28F2082D38D6F80028021F /* RemoteControlRowView.swift in Sources */ = {isa = PBXBuildFile; fileRef = AC28F2072D38D6F70028021F /* RemoteControlRowView.swift */; };
		AC28F20F2D3A2C6C0028021F /* CustomMainButton.swift in Sources */ = {isa = PBXBuildFile; fileRef = AC28F20E2D3A2C6C0028021F /* CustomMainButton.swift */; };
		AC4F40122D40BE66002EF23F /* Const.swift in Sources */ = {isa = PBXBuildFile; fileRef = AC4F40112D40BE66002EF23F /* Const.swift */; };
		AC5FB3CD2D2C56ED00C933FC /* OnlineShopApp.swift in Sources */ = {isa = PBXBuildFile; fileRef = AC5FB3CC2D2C56ED00C933FC /* OnlineShopApp.swift */; };
		AC5FB3CF2D2C56ED00C933FC /* MainView.swift in Sources */ = {isa = PBXBuildFile; fileRef = AC5FB3CE2D2C56ED00C933FC /* MainView.swift */; };
		AC5FB3D12D2C56EF00C933FC /* Assets.xcassets in Resources */ = {isa = PBXBuildFile; fileRef = AC5FB3D02D2C56EF00C933FC /* Assets.xcassets */; };
		AC5FB3D42D2C56EF00C933FC /* Preview Assets.xcassets in Resources */ = {isa = PBXBuildFile; fileRef = AC5FB3D32D2C56EF00C933FC /* Preview Assets.xcassets */; };
		AC5FB3DB2D2C5B5D00C933FC /* GoogleService-Info.plist in Resources */ = {isa = PBXBuildFile; fileRef = AC5FB3DA2D2C5B5D00C933FC /* GoogleService-Info.plist */; };
		AC5FB3DE2D2C5C1E00C933FC /* FirebaseAnalytics in Frameworks */ = {isa = PBXBuildFile; productRef = AC5FB3DD2D2C5C1E00C933FC /* FirebaseAnalytics */; };
		AC5FB3E02D2C5C1E00C933FC /* FirebaseAnalyticsOnDeviceConversion in Frameworks */ = {isa = PBXBuildFile; productRef = AC5FB3DF2D2C5C1E00C933FC /* FirebaseAnalyticsOnDeviceConversion */; };
		AC5FB3E22D2C5C1E00C933FC /* FirebaseAnalyticsWithoutAdIdSupport in Frameworks */ = {isa = PBXBuildFile; productRef = AC5FB3E12D2C5C1E00C933FC /* FirebaseAnalyticsWithoutAdIdSupport */; };
		AC5FB3E42D2C5C1E00C933FC /* FirebaseAppCheck in Frameworks */ = {isa = PBXBuildFile; productRef = AC5FB3E32D2C5C1E00C933FC /* FirebaseAppCheck */; };
		AC5FB3E62D2C5C1E00C933FC /* FirebaseAppDistribution-Beta in Frameworks */ = {isa = PBXBuildFile; productRef = AC5FB3E52D2C5C1E00C933FC /* FirebaseAppDistribution-Beta */; };
		AC8C76CF2D33927700219821 /* ViewModel.swift in Sources */ = {isa = PBXBuildFile; fileRef = AC8C76CE2D33927700219821 /* ViewModel.swift */; };
		AC8C76D62D34F71E00219821 /* DetailView.swift in Sources */ = {isa = PBXBuildFile; fileRef = AC8C76D52D34F71E00219821 /* DetailView.swift */; };
		AC8D98392D3D4FFD00025AD2 /* CartButton.swift in Sources */ = {isa = PBXBuildFile; fileRef = AC8D98382D3D4FFD00025AD2 /* CartButton.swift */; };
		AC8D983D2D3EC7B500025AD2 /* FavoriteButton.swift in Sources */ = {isa = PBXBuildFile; fileRef = AC8D983C2D3EC7B500025AD2 /* FavoriteButton.swift */; };
		AC8D983F2D3ECBB000025AD2 /* CustomRemoteControlButton.swift in Sources */ = {isa = PBXBuildFile; fileRef = AC8D983E2D3ECBB000025AD2 /* CustomRemoteControlButton.swift */; };
		AC924AE22D37835D002DBCF3 /* BackButtonView.swift in Sources */ = {isa = PBXBuildFile; fileRef = AC924AE12D37835D002DBCF3 /* BackButtonView.swift */; };
		AC924AE52D378565002DBCF3 /* DetailInfoView.swift in Sources */ = {isa = PBXBuildFile; fileRef = AC924AE42D378565002DBCF3 /* DetailInfoView.swift */; };
		AC924AE72D3789AA002DBCF3 /* ProductRow.swift in Sources */ = {isa = PBXBuildFile; fileRef = AC924AE62D3789AA002DBCF3 /* ProductRow.swift */; };
		ACA83FC82D4221C400758BF1 /* Product.swift in Sources */ = {isa = PBXBuildFile; fileRef = ACA83FC72D4221C400758BF1 /* Product.swift */; };
		ACDC5F762D2D16E60016B00A /* FirebaseAnalytics in Frameworks */ = {isa = PBXBuildFile; productRef = ACDC5F752D2D16E60016B00A /* FirebaseAnalytics */; };
		ACDC5F782D2D16E60016B00A /* FirebaseAnalyticsOnDeviceConversion in Frameworks */ = {isa = PBXBuildFile; productRef = ACDC5F772D2D16E60016B00A /* FirebaseAnalyticsOnDeviceConversion */; };
		ACDC5F7A2D2D16E60016B00A /* FirebaseAnalyticsWithoutAdIdSupport in Frameworks */ = {isa = PBXBuildFile; productRef = ACDC5F792D2D16E60016B00A /* FirebaseAnalyticsWithoutAdIdSupport */; };
		ACDC5F7C2D2D16E60016B00A /* FirebaseAppCheck in Frameworks */ = {isa = PBXBuildFile; productRef = ACDC5F7B2D2D16E60016B00A /* FirebaseAppCheck */; };
		ACDC5F7E2D2D16E60016B00A /* FirebaseAppDistribution-Beta in Frameworks */ = {isa = PBXBuildFile; productRef = ACDC5F7D2D2D16E60016B00A /* FirebaseAppDistribution-Beta */; };
		ACDC5F802D2D16E60016B00A /* FirebaseAuth in Frameworks */ = {isa = PBXBuildFile; productRef = ACDC5F7F2D2D16E60016B00A /* FirebaseAuth */; };
		ACDC5F822D2D16E60016B00A /* FirebaseAuthCombine-Community in Frameworks */ = {isa = PBXBuildFile; productRef = ACDC5F812D2D16E60016B00A /* FirebaseAuthCombine-Community */; };
		ACDC5F842D2D16E60016B00A /* FirebaseCore in Frameworks */ = {isa = PBXBuildFile; productRef = ACDC5F832D2D16E60016B00A /* FirebaseCore */; };
		ACDC5F862D2D16E60016B00A /* FirebaseCrashlytics in Frameworks */ = {isa = PBXBuildFile; productRef = ACDC5F852D2D16E60016B00A /* FirebaseCrashlytics */; };
		ACDC5F882D2D16E60016B00A /* FirebaseDatabase in Frameworks */ = {isa = PBXBuildFile; productRef = ACDC5F872D2D16E60016B00A /* FirebaseDatabase */; };
		ACDC5F8A2D2D16E60016B00A /* FirebaseDynamicLinks in Frameworks */ = {isa = PBXBuildFile; productRef = ACDC5F892D2D16E60016B00A /* FirebaseDynamicLinks */; };
		ACDC5F8C2D2D16E60016B00A /* FirebaseFirestore in Frameworks */ = {isa = PBXBuildFile; productRef = ACDC5F8B2D2D16E60016B00A /* FirebaseFirestore */; };
		ACDC5F8E2D2D16E60016B00A /* FirebaseFirestoreCombine-Community in Frameworks */ = {isa = PBXBuildFile; productRef = ACDC5F8D2D2D16E60016B00A /* FirebaseFirestoreCombine-Community */; };
		ACDC5F902D2D16E60016B00A /* FirebaseFunctions in Frameworks */ = {isa = PBXBuildFile; productRef = ACDC5F8F2D2D16E60016B00A /* FirebaseFunctions */; };
		ACDC5F922D2D16E60016B00A /* FirebaseFunctionsCombine-Community in Frameworks */ = {isa = PBXBuildFile; productRef = ACDC5F912D2D16E60016B00A /* FirebaseFunctionsCombine-Community */; };
		ACDC5F942D2D16E60016B00A /* FirebaseInAppMessaging-Beta in Frameworks */ = {isa = PBXBuildFile; productRef = ACDC5F932D2D16E60016B00A /* FirebaseInAppMessaging-Beta */; };
		ACDC5F962D2D16E60016B00A /* FirebaseInstallations in Frameworks */ = {isa = PBXBuildFile; productRef = ACDC5F952D2D16E60016B00A /* FirebaseInstallations */; };
		ACDC5F982D2D16E60016B00A /* FirebaseMLModelDownloader in Frameworks */ = {isa = PBXBuildFile; productRef = ACDC5F972D2D16E60016B00A /* FirebaseMLModelDownloader */; };
		ACDC5F9A2D2D16E60016B00A /* FirebaseMessaging in Frameworks */ = {isa = PBXBuildFile; productRef = ACDC5F992D2D16E60016B00A /* FirebaseMessaging */; };
		ACDC5F9C2D2D16E60016B00A /* FirebasePerformance in Frameworks */ = {isa = PBXBuildFile; productRef = ACDC5F9B2D2D16E60016B00A /* FirebasePerformance */; };
		ACDC5F9E2D2D16E60016B00A /* FirebaseRemoteConfig in Frameworks */ = {isa = PBXBuildFile; productRef = ACDC5F9D2D2D16E60016B00A /* FirebaseRemoteConfig */; };
		ACDC5FA02D2D16E60016B00A /* FirebaseStorage in Frameworks */ = {isa = PBXBuildFile; productRef = ACDC5F9F2D2D16E60016B00A /* FirebaseStorage */; };
		ACDC5FA22D2D16E60016B00A /* FirebaseStorageCombine-Community in Frameworks */ = {isa = PBXBuildFile; productRef = ACDC5FA12D2D16E60016B00A /* FirebaseStorageCombine-Community */; };
		ACDC5FA42D2D16E60016B00A /* FirebaseVertexAI in Frameworks */ = {isa = PBXBuildFile; productRef = ACDC5FA32D2D16E60016B00A /* FirebaseVertexAI */; };
		ACDC5FA62D2D17D60016B00A /* FirebaseAnalytics in Frameworks */ = {isa = PBXBuildFile; productRef = ACDC5FA52D2D17D60016B00A /* FirebaseAnalytics */; };
		ACDC5FA82D2D17D60016B00A /* FirebaseAnalyticsOnDeviceConversion in Frameworks */ = {isa = PBXBuildFile; productRef = ACDC5FA72D2D17D60016B00A /* FirebaseAnalyticsOnDeviceConversion */; };
		ACDC5FAA2D2D17D60016B00A /* FirebaseAnalyticsWithoutAdIdSupport in Frameworks */ = {isa = PBXBuildFile; productRef = ACDC5FA92D2D17D60016B00A /* FirebaseAnalyticsWithoutAdIdSupport */; };
		ACDC5FAC2D2D17D60016B00A /* FirebaseAppCheck in Frameworks */ = {isa = PBXBuildFile; productRef = ACDC5FAB2D2D17D60016B00A /* FirebaseAppCheck */; };
		ACDC5FAE2D2D17D60016B00A /* FirebaseAppDistribution-Beta in Frameworks */ = {isa = PBXBuildFile; productRef = ACDC5FAD2D2D17D60016B00A /* FirebaseAppDistribution-Beta */; };
		ACDC5FB22D2EF5640016B00A /* FavoritesView.swift in Sources */ = {isa = PBXBuildFile; fileRef = ACDC5FB12D2EF5640016B00A /* FavoritesView.swift */; };
		ACDC5FB42D2EF57F0016B00A /* CartView.swift in Sources */ = {isa = PBXBuildFile; fileRef = ACDC5FB32D2EF57E0016B00A /* CartView.swift */; };
		ACDC5FB62D2EF9880016B00A /* ProductCardView.swift in Sources */ = {isa = PBXBuildFile; fileRef = ACDC5FB52D2EF9880016B00A /* ProductCardView.swift */; };
		ACDC5FB82D2FA04A0016B00A /* CardImageView.swift in Sources */ = {isa = PBXBuildFile; fileRef = ACDC5FB72D2FA04A0016B00A /* CardImageView.swift */; };
		ACDC5FBB2D30F9D60016B00A /* Extension+Text.swift in Sources */ = {isa = PBXBuildFile; fileRef = ACDC5FBA2D30F9D60016B00A /* Extension+Text.swift */; };
/* End PBXBuildFile section */

/* Begin PBXFileReference section */
		AC28F2072D38D6F70028021F /* RemoteControlRowView.swift */ = {isa = PBXFileReference; lastKnownFileType = sourcecode.swift; path = RemoteControlRowView.swift; sourceTree = "<group>"; };
		AC28F20E2D3A2C6C0028021F /* CustomMainButton.swift */ = {isa = PBXFileReference; lastKnownFileType = sourcecode.swift; path = CustomMainButton.swift; sourceTree = "<group>"; };
		AC4F40112D40BE66002EF23F /* Const.swift */ = {isa = PBXFileReference; lastKnownFileType = sourcecode.swift; path = Const.swift; sourceTree = "<group>"; };
		AC5FB3C92D2C56ED00C933FC /* OnlineShop.app */ = {isa = PBXFileReference; explicitFileType = wrapper.application; includeInIndex = 0; path = OnlineShop.app; sourceTree = BUILT_PRODUCTS_DIR; };
		AC5FB3CC2D2C56ED00C933FC /* OnlineShopApp.swift */ = {isa = PBXFileReference; lastKnownFileType = sourcecode.swift; path = OnlineShopApp.swift; sourceTree = "<group>"; };
		AC5FB3CE2D2C56ED00C933FC /* MainView.swift */ = {isa = PBXFileReference; lastKnownFileType = sourcecode.swift; path = MainView.swift; sourceTree = "<group>"; };
		AC5FB3D02D2C56EF00C933FC /* Assets.xcassets */ = {isa = PBXFileReference; lastKnownFileType = folder.assetcatalog; path = Assets.xcassets; sourceTree = "<group>"; };
		AC5FB3D32D2C56EF00C933FC /* Preview Assets.xcassets */ = {isa = PBXFileReference; lastKnownFileType = folder.assetcatalog; path = "Preview Assets.xcassets"; sourceTree = "<group>"; };
		AC5FB3DA2D2C5B5D00C933FC /* GoogleService-Info.plist */ = {isa = PBXFileReference; fileEncoding = 4; lastKnownFileType = text.plist.xml; path = "GoogleService-Info.plist"; sourceTree = "<group>"; };
		AC8C76CE2D33927700219821 /* ViewModel.swift */ = {isa = PBXFileReference; lastKnownFileType = sourcecode.swift; path = ViewModel.swift; sourceTree = "<group>"; };
		AC8C76D52D34F71E00219821 /* DetailView.swift */ = {isa = PBXFileReference; lastKnownFileType = sourcecode.swift; path = DetailView.swift; sourceTree = "<group>"; };
		AC8D98382D3D4FFD00025AD2 /* CartButton.swift */ = {isa = PBXFileReference; lastKnownFileType = sourcecode.swift; path = CartButton.swift; sourceTree = "<group>"; };
		AC8D983C2D3EC7B500025AD2 /* FavoriteButton.swift */ = {isa = PBXFileReference; lastKnownFileType = sourcecode.swift; path = FavoriteButton.swift; sourceTree = "<group>"; };
		AC8D983E2D3ECBB000025AD2 /* CustomRemoteControlButton.swift */ = {isa = PBXFileReference; lastKnownFileType = sourcecode.swift; path = CustomRemoteControlButton.swift; sourceTree = "<group>"; };
		AC924AE12D37835D002DBCF3 /* BackButtonView.swift */ = {isa = PBXFileReference; lastKnownFileType = sourcecode.swift; path = BackButtonView.swift; sourceTree = "<group>"; };
		AC924AE42D378565002DBCF3 /* DetailInfoView.swift */ = {isa = PBXFileReference; lastKnownFileType = sourcecode.swift; path = DetailInfoView.swift; sourceTree = "<group>"; };
		AC924AE62D3789AA002DBCF3 /* ProductRow.swift */ = {isa = PBXFileReference; lastKnownFileType = sourcecode.swift; path = ProductRow.swift; sourceTree = "<group>"; };
		ACA83FC72D4221C400758BF1 /* Product.swift */ = {isa = PBXFileReference; fileEncoding = 4; lastKnownFileType = sourcecode.swift; path = Product.swift; sourceTree = "<group>"; };
		ACDC5FB12D2EF5640016B00A /* FavoritesView.swift */ = {isa = PBXFileReference; lastKnownFileType = sourcecode.swift; path = FavoritesView.swift; sourceTree = "<group>"; };
		ACDC5FB32D2EF57E0016B00A /* CartView.swift */ = {isa = PBXFileReference; lastKnownFileType = sourcecode.swift; path = CartView.swift; sourceTree = "<group>"; };
		ACDC5FB52D2EF9880016B00A /* ProductCardView.swift */ = {isa = PBXFileReference; lastKnownFileType = sourcecode.swift; path = ProductCardView.swift; sourceTree = "<group>"; };
		ACDC5FB72D2FA04A0016B00A /* CardImageView.swift */ = {isa = PBXFileReference; lastKnownFileType = sourcecode.swift; path = CardImageView.swift; sourceTree = "<group>"; };
		ACDC5FBA2D30F9D60016B00A /* Extension+Text.swift */ = {isa = PBXFileReference; lastKnownFileType = sourcecode.swift; path = "Extension+Text.swift"; sourceTree = "<group>"; };
/* End PBXFileReference section */

/* Begin PBXFrameworksBuildPhase section */
		AC5FB3C62D2C56ED00C933FC /* Frameworks */ = {
			isa = PBXFrameworksBuildPhase;
			buildActionMask = 2147483647;
			files = (
				ACDC5F9A2D2D16E60016B00A /* FirebaseMessaging in Frameworks */,
				ACDC5F882D2D16E60016B00A /* FirebaseDatabase in Frameworks */,
				AC5FB3E42D2C5C1E00C933FC /* FirebaseAppCheck in Frameworks */,
				AC5FB3DE2D2C5C1E00C933FC /* FirebaseAnalytics in Frameworks */,
				ACDC5F922D2D16E60016B00A /* FirebaseFunctionsCombine-Community in Frameworks */,
				ACDC5FA82D2D17D60016B00A /* FirebaseAnalyticsOnDeviceConversion in Frameworks */,
				ACDC5FA42D2D16E60016B00A /* FirebaseVertexAI in Frameworks */,
				ACDC5FAA2D2D17D60016B00A /* FirebaseAnalyticsWithoutAdIdSupport in Frameworks */,
				ACDC5F8E2D2D16E60016B00A /* FirebaseFirestoreCombine-Community in Frameworks */,
				ACDC5F762D2D16E60016B00A /* FirebaseAnalytics in Frameworks */,
				ACDC5FAC2D2D17D60016B00A /* FirebaseAppCheck in Frameworks */,
				ACDC5FA62D2D17D60016B00A /* FirebaseAnalytics in Frameworks */,
				ACDC5F8C2D2D16E60016B00A /* FirebaseFirestore in Frameworks */,
				ACDC5F862D2D16E60016B00A /* FirebaseCrashlytics in Frameworks */,
				ACDC5F942D2D16E60016B00A /* FirebaseInAppMessaging-Beta in Frameworks */,
				ACDC5F982D2D16E60016B00A /* FirebaseMLModelDownloader in Frameworks */,
				ACDC5F782D2D16E60016B00A /* FirebaseAnalyticsOnDeviceConversion in Frameworks */,
				AC5FB3E62D2C5C1E00C933FC /* FirebaseAppDistribution-Beta in Frameworks */,
				ACDC5F962D2D16E60016B00A /* FirebaseInstallations in Frameworks */,
				AC5FB3E22D2C5C1E00C933FC /* FirebaseAnalyticsWithoutAdIdSupport in Frameworks */,
				ACDC5F902D2D16E60016B00A /* FirebaseFunctions in Frameworks */,
				AC5FB3E02D2C5C1E00C933FC /* FirebaseAnalyticsOnDeviceConversion in Frameworks */,
				ACDC5F9C2D2D16E60016B00A /* FirebasePerformance in Frameworks */,
				ACDC5F822D2D16E60016B00A /* FirebaseAuthCombine-Community in Frameworks */,
				ACDC5F842D2D16E60016B00A /* FirebaseCore in Frameworks */,
				ACDC5FA02D2D16E60016B00A /* FirebaseStorage in Frameworks */,
				ACDC5F8A2D2D16E60016B00A /* FirebaseDynamicLinks in Frameworks */,
				ACDC5FA22D2D16E60016B00A /* FirebaseStorageCombine-Community in Frameworks */,
				ACDC5F802D2D16E60016B00A /* FirebaseAuth in Frameworks */,
				ACDC5F7E2D2D16E60016B00A /* FirebaseAppDistribution-Beta in Frameworks */,
				ACDC5F9E2D2D16E60016B00A /* FirebaseRemoteConfig in Frameworks */,
				ACDC5FAE2D2D17D60016B00A /* FirebaseAppDistribution-Beta in Frameworks */,
				ACDC5F7C2D2D16E60016B00A /* FirebaseAppCheck in Frameworks */,
				ACDC5F7A2D2D16E60016B00A /* FirebaseAnalyticsWithoutAdIdSupport in Frameworks */,
			);
			runOnlyForDeploymentPostprocessing = 0;
		};
/* End PBXFrameworksBuildPhase section */

/* Begin PBXGroup section */
		AC4F40102D40BE4F002EF23F /* Common */ = {
			isa = PBXGroup;
			children = (
				AC4F40112D40BE66002EF23F /* Const.swift */,
			);
			path = Common;
			sourceTree = "<group>";
		};
		AC5FB3C02D2C56ED00C933FC = {
			isa = PBXGroup;
			children = (
				AC5FB3CB2D2C56ED00C933FC /* OnlineShop */,
				AC5FB3CA2D2C56ED00C933FC /* Products */,
				ACDC5F742D2D168D0016B00A /* Frameworks */,
			);
			sourceTree = "<group>";
		};
		AC5FB3CA2D2C56ED00C933FC /* Products */ = {
			isa = PBXGroup;
			children = (
				AC5FB3C92D2C56ED00C933FC /* OnlineShop.app */,
			);
			name = Products;
			sourceTree = "<group>";
		};
		AC5FB3CB2D2C56ED00C933FC /* OnlineShop */ = {
			isa = PBXGroup;
			children = (
				AC4F40102D40BE4F002EF23F /* Common */,
				AC8C76CC2D3378FE00219821 /* Views */,
				AC8C76CD2D33790A00219821 /* ViewModel */,
				AC5FB3E72D2D10CC00C933FC /* Entities */,
				AC924AE02D378344002DBCF3 /* Components */,
				ACDC5FB92D30F9A90016B00A /* Extensions */,
				AC5FB3DA2D2C5B5D00C933FC /* GoogleService-Info.plist */,
				AC5FB3CC2D2C56ED00C933FC /* OnlineShopApp.swift */,
				AC5FB3D02D2C56EF00C933FC /* Assets.xcassets */,
				AC5FB3D22D2C56EF00C933FC /* Preview Content */,
			);
			path = OnlineShop;
			sourceTree = "<group>";
		};
		AC5FB3D22D2C56EF00C933FC /* Preview Content */ = {
			isa = PBXGroup;
			children = (
				AC5FB3D32D2C56EF00C933FC /* Preview Assets.xcassets */,
			);
			path = "Preview Content";
			sourceTree = "<group>";
		};
		AC5FB3E72D2D10CC00C933FC /* Entities */ = {
			isa = PBXGroup;
			children = (
				ACA83FC72D4221C400758BF1 /* Product.swift */,
			);
			path = Entities;
			sourceTree = "<group>";
		};
		AC8C76C32D3377AE00219821 /* MainScreen */ = {
			isa = PBXGroup;
			children = (
				AC8C76C42D33780A00219821 /* View */,
				AC8C76C52D33781500219821 /* Subview */,
			);
			path = MainScreen;
			sourceTree = "<group>";
		};
		AC8C76C42D33780A00219821 /* View */ = {
			isa = PBXGroup;
			children = (
				AC5FB3CE2D2C56ED00C933FC /* MainView.swift */,
			);
			path = View;
			sourceTree = "<group>";
		};
		AC8C76C52D33781500219821 /* Subview */ = {
			isa = PBXGroup;
			children = (
				AC8D98382D3D4FFD00025AD2 /* CartButton.swift */,
				AC8D983C2D3EC7B500025AD2 /* FavoriteButton.swift */,
			);
			path = Subview;
			sourceTree = "<group>";
		};
		AC8C76C62D33783C00219821 /* FavoritesScreen */ = {
			isa = PBXGroup;
			children = (
				AC8C76C72D33784B00219821 /* View */,
			);
			path = FavoritesScreen;
			sourceTree = "<group>";
		};
		AC8C76C72D33784B00219821 /* View */ = {
			isa = PBXGroup;
			children = (
				ACDC5FB12D2EF5640016B00A /* FavoritesView.swift */,
			);
			path = View;
			sourceTree = "<group>";
		};
		AC8C76C82D3378AD00219821 /* CartScreen */ = {
			isa = PBXGroup;
			children = (
				AC8C76C92D3378C600219821 /* View */,
				AC8C76CA2D3378CD00219821 /* Subview */,
			);
			path = CartScreen;
			sourceTree = "<group>";
		};
		AC8C76C92D3378C600219821 /* View */ = {
			isa = PBXGroup;
			children = (
				ACDC5FB32D2EF57E0016B00A /* CartView.swift */,
			);
			path = View;
			sourceTree = "<group>";
		};
		AC8C76CA2D3378CD00219821 /* Subview */ = {
			isa = PBXGroup;
			children = (
				AC924AE62D3789AA002DBCF3 /* ProductRow.swift */,
				AC28F2072D38D6F70028021F /* RemoteControlRowView.swift */,
				AC8D983E2D3ECBB000025AD2 /* CustomRemoteControlButton.swift */,
			);
			path = Subview;
			sourceTree = "<group>";
		};
		AC8C76CC2D3378FE00219821 /* Views */ = {
			isa = PBXGroup;
			children = (
				AC8C76C32D3377AE00219821 /* MainScreen */,
				AC8C76C62D33783C00219821 /* FavoritesScreen */,
				AC8C76C82D3378AD00219821 /* CartScreen */,
				AC8C76D32D34F6DE00219821 /* DetailScreen */,
			);
			path = Views;
			sourceTree = "<group>";
		};
		AC8C76CD2D33790A00219821 /* ViewModel */ = {
			isa = PBXGroup;
			children = (
				AC8C76CE2D33927700219821 /* ViewModel.swift */,
			);
			path = ViewModel;
			sourceTree = "<group>";
		};
		AC8C76D32D34F6DE00219821 /* DetailScreen */ = {
			isa = PBXGroup;
			children = (
				AC8C76D42D34F70400219821 /* View */,
				AC924AE32D378558002DBCF3 /* Subviews */,
			);
			path = DetailScreen;
			sourceTree = "<group>";
		};
		AC8C76D42D34F70400219821 /* View */ = {
			isa = PBXGroup;
			children = (
				AC8C76D52D34F71E00219821 /* DetailView.swift */,
			);
			path = View;
			sourceTree = "<group>";
		};
		AC924AE02D378344002DBCF3 /* Components */ = {
			isa = PBXGroup;
			children = (
				ACDC5FB72D2FA04A0016B00A /* CardImageView.swift */,
				ACDC5FB52D2EF9880016B00A /* ProductCardView.swift */,
				AC924AE12D37835D002DBCF3 /* BackButtonView.swift */,
				AC28F20E2D3A2C6C0028021F /* CustomMainButton.swift */,
			);
			path = Components;
			sourceTree = "<group>";
		};
		AC924AE32D378558002DBCF3 /* Subviews */ = {
			isa = PBXGroup;
			children = (
				AC924AE42D378565002DBCF3 /* DetailInfoView.swift */,
			);
			path = Subviews;
			sourceTree = "<group>";
		};
		ACDC5F742D2D168D0016B00A /* Frameworks */ = {
			isa = PBXGroup;
			children = (
			);
			name = Frameworks;
			sourceTree = "<group>";
		};
		ACDC5FB92D30F9A90016B00A /* Extensions */ = {
			isa = PBXGroup;
			children = (
				ACDC5FBA2D30F9D60016B00A /* Extension+Text.swift */,
			);
			path = Extensions;
			sourceTree = "<group>";
		};
/* End PBXGroup section */

/* Begin PBXNativeTarget section */
		AC5FB3C82D2C56ED00C933FC /* OnlineShop */ = {
			isa = PBXNativeTarget;
			buildConfigurationList = AC5FB3D72D2C56EF00C933FC /* Build configuration list for PBXNativeTarget "OnlineShop" */;
			buildPhases = (
				AC5FB3C52D2C56ED00C933FC /* Sources */,
				AC5FB3C62D2C56ED00C933FC /* Frameworks */,
				AC5FB3C72D2C56ED00C933FC /* Resources */,
			);
			buildRules = (
			);
			dependencies = (
			);
			name = OnlineShop;
			packageProductDependencies = (
				AC5FB3DD2D2C5C1E00C933FC /* FirebaseAnalytics */,
				AC5FB3DF2D2C5C1E00C933FC /* FirebaseAnalyticsOnDeviceConversion */,
				AC5FB3E12D2C5C1E00C933FC /* FirebaseAnalyticsWithoutAdIdSupport */,
				AC5FB3E32D2C5C1E00C933FC /* FirebaseAppCheck */,
				AC5FB3E52D2C5C1E00C933FC /* FirebaseAppDistribution-Beta */,
				ACDC5F752D2D16E60016B00A /* FirebaseAnalytics */,
				ACDC5F772D2D16E60016B00A /* FirebaseAnalyticsOnDeviceConversion */,
				ACDC5F792D2D16E60016B00A /* FirebaseAnalyticsWithoutAdIdSupport */,
				ACDC5F7B2D2D16E60016B00A /* FirebaseAppCheck */,
				ACDC5F7D2D2D16E60016B00A /* FirebaseAppDistribution-Beta */,
				ACDC5F7F2D2D16E60016B00A /* FirebaseAuth */,
				ACDC5F812D2D16E60016B00A /* FirebaseAuthCombine-Community */,
				ACDC5F832D2D16E60016B00A /* FirebaseCore */,
				ACDC5F852D2D16E60016B00A /* FirebaseCrashlytics */,
				ACDC5F872D2D16E60016B00A /* FirebaseDatabase */,
				ACDC5F892D2D16E60016B00A /* FirebaseDynamicLinks */,
				ACDC5F8B2D2D16E60016B00A /* FirebaseFirestore */,
				ACDC5F8D2D2D16E60016B00A /* FirebaseFirestoreCombine-Community */,
				ACDC5F8F2D2D16E60016B00A /* FirebaseFunctions */,
				ACDC5F912D2D16E60016B00A /* FirebaseFunctionsCombine-Community */,
				ACDC5F932D2D16E60016B00A /* FirebaseInAppMessaging-Beta */,
				ACDC5F952D2D16E60016B00A /* FirebaseInstallations */,
				ACDC5F972D2D16E60016B00A /* FirebaseMLModelDownloader */,
				ACDC5F992D2D16E60016B00A /* FirebaseMessaging */,
				ACDC5F9B2D2D16E60016B00A /* FirebasePerformance */,
				ACDC5F9D2D2D16E60016B00A /* FirebaseRemoteConfig */,
				ACDC5F9F2D2D16E60016B00A /* FirebaseStorage */,
				ACDC5FA12D2D16E60016B00A /* FirebaseStorageCombine-Community */,
				ACDC5FA32D2D16E60016B00A /* FirebaseVertexAI */,
				ACDC5FA52D2D17D60016B00A /* FirebaseAnalytics */,
				ACDC5FA72D2D17D60016B00A /* FirebaseAnalyticsOnDeviceConversion */,
				ACDC5FA92D2D17D60016B00A /* FirebaseAnalyticsWithoutAdIdSupport */,
				ACDC5FAB2D2D17D60016B00A /* FirebaseAppCheck */,
				ACDC5FAD2D2D17D60016B00A /* FirebaseAppDistribution-Beta */,
			);
			productName = OnlineShop;
			productReference = AC5FB3C92D2C56ED00C933FC /* OnlineShop.app */;
			productType = "com.apple.product-type.application";
		};
/* End PBXNativeTarget section */

/* Begin PBXProject section */
		AC5FB3C12D2C56ED00C933FC /* Project object */ = {
			isa = PBXProject;
			attributes = {
				BuildIndependentTargetsInParallel = 1;
				LastSwiftUpdateCheck = 1500;
				LastUpgradeCheck = 1500;
				TargetAttributes = {
					AC5FB3C82D2C56ED00C933FC = {
						CreatedOnToolsVersion = 15.0.1;
					};
				};
			};
			buildConfigurationList = AC5FB3C42D2C56ED00C933FC /* Build configuration list for PBXProject "OnlineShop" */;
			compatibilityVersion = "Xcode 14.0";
			developmentRegion = en;
			hasScannedForEncodings = 0;
			knownRegions = (
				en,
				Base,
			);
			mainGroup = AC5FB3C02D2C56ED00C933FC;
			packageReferences = (
				AC5FB3DC2D2C5C1E00C933FC /* XCRemoteSwiftPackageReference "firebase-ios-sdk" */,
			);
			productRefGroup = AC5FB3CA2D2C56ED00C933FC /* Products */;
			projectDirPath = "";
			projectRoot = "";
			targets = (
				AC5FB3C82D2C56ED00C933FC /* OnlineShop */,
			);
		};
/* End PBXProject section */

/* Begin PBXResourcesBuildPhase section */
		AC5FB3C72D2C56ED00C933FC /* Resources */ = {
			isa = PBXResourcesBuildPhase;
			buildActionMask = 2147483647;
			files = (
				AC5FB3D42D2C56EF00C933FC /* Preview Assets.xcassets in Resources */,
				AC5FB3D12D2C56EF00C933FC /* Assets.xcassets in Resources */,
				AC5FB3DB2D2C5B5D00C933FC /* GoogleService-Info.plist in Resources */,
			);
			runOnlyForDeploymentPostprocessing = 0;
		};
/* End PBXResourcesBuildPhase section */

/* Begin PBXSourcesBuildPhase section */
		AC5FB3C52D2C56ED00C933FC /* Sources */ = {
			isa = PBXSourcesBuildPhase;
			buildActionMask = 2147483647;
			files = (
				ACA83FC82D4221C400758BF1 /* Product.swift in Sources */,
				ACDC5FB62D2EF9880016B00A /* ProductCardView.swift in Sources */,
				AC4F40122D40BE66002EF23F /* Const.swift in Sources */,
				AC8D98392D3D4FFD00025AD2 /* CartButton.swift in Sources */,
				AC8C76CF2D33927700219821 /* ViewModel.swift in Sources */,
				ACDC5FB42D2EF57F0016B00A /* CartView.swift in Sources */,
				AC8C76D62D34F71E00219821 /* DetailView.swift in Sources */,
				ACDC5FB82D2FA04A0016B00A /* CardImageView.swift in Sources */,
				AC924AE52D378565002DBCF3 /* DetailInfoView.swift in Sources */,
				ACDC5FB22D2EF5640016B00A /* FavoritesView.swift in Sources */,
				AC28F2082D38D6F80028021F /* RemoteControlRowView.swift in Sources */,
				AC28F20F2D3A2C6C0028021F /* CustomMainButton.swift in Sources */,
				ACDC5FBB2D30F9D60016B00A /* Extension+Text.swift in Sources */,
				AC5FB3CF2D2C56ED00C933FC /* MainView.swift in Sources */,
				AC924AE72D3789AA002DBCF3 /* ProductRow.swift in Sources */,
				AC8D983D2D3EC7B500025AD2 /* FavoriteButton.swift in Sources */,
				AC924AE22D37835D002DBCF3 /* BackButtonView.swift in Sources */,
				AC5FB3CD2D2C56ED00C933FC /* OnlineShopApp.swift in Sources */,
				AC8D983F2D3ECBB000025AD2 /* CustomRemoteControlButton.swift in Sources */,
			);
			runOnlyForDeploymentPostprocessing = 0;
		};
/* End PBXSourcesBuildPhase section */

/* Begin XCBuildConfiguration section */
		AC5FB3D52D2C56EF00C933FC /* Debug */ = {
			isa = XCBuildConfiguration;
			buildSettings = {
				ALWAYS_SEARCH_USER_PATHS = NO;
				ASSETCATALOG_COMPILER_GENERATE_SWIFT_ASSET_SYMBOL_EXTENSIONS = YES;
				CLANG_ANALYZER_NONNULL = YES;
				CLANG_ANALYZER_NUMBER_OBJECT_CONVERSION = YES_AGGRESSIVE;
				CLANG_CXX_LANGUAGE_STANDARD = "gnu++20";
				CLANG_ENABLE_MODULES = YES;
				CLANG_ENABLE_OBJC_ARC = YES;
				CLANG_ENABLE_OBJC_WEAK = YES;
				CLANG_WARN_BLOCK_CAPTURE_AUTORELEASING = YES;
				CLANG_WARN_BOOL_CONVERSION = YES;
				CLANG_WARN_COMMA = YES;
				CLANG_WARN_CONSTANT_CONVERSION = YES;
				CLANG_WARN_DEPRECATED_OBJC_IMPLEMENTATIONS = YES;
				CLANG_WARN_DIRECT_OBJC_ISA_USAGE = YES_ERROR;
				CLANG_WARN_DOCUMENTATION_COMMENTS = YES;
				CLANG_WARN_EMPTY_BODY = YES;
				CLANG_WARN_ENUM_CONVERSION = YES;
				CLANG_WARN_INFINITE_RECURSION = YES;
				CLANG_WARN_INT_CONVERSION = YES;
				CLANG_WARN_NON_LITERAL_NULL_CONVERSION = YES;
				CLANG_WARN_OBJC_IMPLICIT_RETAIN_SELF = YES;
				CLANG_WARN_OBJC_LITERAL_CONVERSION = YES;
				CLANG_WARN_OBJC_ROOT_CLASS = YES_ERROR;
				CLANG_WARN_QUOTED_INCLUDE_IN_FRAMEWORK_HEADER = YES;
				CLANG_WARN_RANGE_LOOP_ANALYSIS = YES;
				CLANG_WARN_STRICT_PROTOTYPES = YES;
				CLANG_WARN_SUSPICIOUS_MOVE = YES;
				CLANG_WARN_UNGUARDED_AVAILABILITY = YES_AGGRESSIVE;
				CLANG_WARN_UNREACHABLE_CODE = YES;
				CLANG_WARN__DUPLICATE_METHOD_MATCH = YES;
				COPY_PHASE_STRIP = NO;
				DEBUG_INFORMATION_FORMAT = dwarf;
				ENABLE_STRICT_OBJC_MSGSEND = YES;
				ENABLE_TESTABILITY = YES;
				ENABLE_USER_SCRIPT_SANDBOXING = YES;
				GCC_C_LANGUAGE_STANDARD = gnu17;
				GCC_DYNAMIC_NO_PIC = NO;
				GCC_NO_COMMON_BLOCKS = YES;
				GCC_OPTIMIZATION_LEVEL = 0;
				GCC_PREPROCESSOR_DEFINITIONS = (
					"DEBUG=1",
					"$(inherited)",
				);
				GCC_WARN_64_TO_32_BIT_CONVERSION = YES;
				GCC_WARN_ABOUT_RETURN_TYPE = YES_ERROR;
				GCC_WARN_UNDECLARED_SELECTOR = YES;
				GCC_WARN_UNINITIALIZED_AUTOS = YES_AGGRESSIVE;
				GCC_WARN_UNUSED_FUNCTION = YES;
				GCC_WARN_UNUSED_VARIABLE = YES;
				IPHONEOS_DEPLOYMENT_TARGET = 17.0;
				LOCALIZATION_PREFERS_STRING_CATALOGS = YES;
				MTL_ENABLE_DEBUG_INFO = INCLUDE_SOURCE;
				MTL_FAST_MATH = YES;
				ONLY_ACTIVE_ARCH = YES;
				SDKROOT = iphoneos;
				SWIFT_ACTIVE_COMPILATION_CONDITIONS = "DEBUG $(inherited)";
				SWIFT_OPTIMIZATION_LEVEL = "-Onone";
			};
			name = Debug;
		};
		AC5FB3D62D2C56EF00C933FC /* Release */ = {
			isa = XCBuildConfiguration;
			buildSettings = {
				ALWAYS_SEARCH_USER_PATHS = NO;
				ASSETCATALOG_COMPILER_GENERATE_SWIFT_ASSET_SYMBOL_EXTENSIONS = YES;
				CLANG_ANALYZER_NONNULL = YES;
				CLANG_ANALYZER_NUMBER_OBJECT_CONVERSION = YES_AGGRESSIVE;
				CLANG_CXX_LANGUAGE_STANDARD = "gnu++20";
				CLANG_ENABLE_MODULES = YES;
				CLANG_ENABLE_OBJC_ARC = YES;
				CLANG_ENABLE_OBJC_WEAK = YES;
				CLANG_WARN_BLOCK_CAPTURE_AUTORELEASING = YES;
				CLANG_WARN_BOOL_CONVERSION = YES;
				CLANG_WARN_COMMA = YES;
				CLANG_WARN_CONSTANT_CONVERSION = YES;
				CLANG_WARN_DEPRECATED_OBJC_IMPLEMENTATIONS = YES;
				CLANG_WARN_DIRECT_OBJC_ISA_USAGE = YES_ERROR;
				CLANG_WARN_DOCUMENTATION_COMMENTS = YES;
				CLANG_WARN_EMPTY_BODY = YES;
				CLANG_WARN_ENUM_CONVERSION = YES;
				CLANG_WARN_INFINITE_RECURSION = YES;
				CLANG_WARN_INT_CONVERSION = YES;
				CLANG_WARN_NON_LITERAL_NULL_CONVERSION = YES;
				CLANG_WARN_OBJC_IMPLICIT_RETAIN_SELF = YES;
				CLANG_WARN_OBJC_LITERAL_CONVERSION = YES;
				CLANG_WARN_OBJC_ROOT_CLASS = YES_ERROR;
				CLANG_WARN_QUOTED_INCLUDE_IN_FRAMEWORK_HEADER = YES;
				CLANG_WARN_RANGE_LOOP_ANALYSIS = YES;
				CLANG_WARN_STRICT_PROTOTYPES = YES;
				CLANG_WARN_SUSPICIOUS_MOVE = YES;
				CLANG_WARN_UNGUARDED_AVAILABILITY = YES_AGGRESSIVE;
				CLANG_WARN_UNREACHABLE_CODE = YES;
				CLANG_WARN__DUPLICATE_METHOD_MATCH = YES;
				COPY_PHASE_STRIP = NO;
				DEBUG_INFORMATION_FORMAT = "dwarf-with-dsym";
				ENABLE_NS_ASSERTIONS = NO;
				ENABLE_STRICT_OBJC_MSGSEND = YES;
				ENABLE_USER_SCRIPT_SANDBOXING = YES;
				GCC_C_LANGUAGE_STANDARD = gnu17;
				GCC_NO_COMMON_BLOCKS = YES;
				GCC_WARN_64_TO_32_BIT_CONVERSION = YES;
				GCC_WARN_ABOUT_RETURN_TYPE = YES_ERROR;
				GCC_WARN_UNDECLARED_SELECTOR = YES;
				GCC_WARN_UNINITIALIZED_AUTOS = YES_AGGRESSIVE;
				GCC_WARN_UNUSED_FUNCTION = YES;
				GCC_WARN_UNUSED_VARIABLE = YES;
				IPHONEOS_DEPLOYMENT_TARGET = 17.0;
				LOCALIZATION_PREFERS_STRING_CATALOGS = YES;
				MTL_ENABLE_DEBUG_INFO = NO;
				MTL_FAST_MATH = YES;
				SDKROOT = iphoneos;
				SWIFT_COMPILATION_MODE = wholemodule;
				VALIDATE_PRODUCT = YES;
			};
			name = Release;
		};
		AC5FB3D82D2C56EF00C933FC /* Debug */ = {
			isa = XCBuildConfiguration;
			buildSettings = {
				ASSETCATALOG_COMPILER_APPICON_NAME = AppIcon;
				ASSETCATALOG_COMPILER_GLOBAL_ACCENT_COLOR_NAME = AccentColor;
				CODE_SIGN_STYLE = Automatic;
				CURRENT_PROJECT_VERSION = 1;
				DEVELOPMENT_ASSET_PATHS = "\"OnlineShop/Preview Content\"";
				DEVELOPMENT_TEAM = MSVFBRY49T;
				ENABLE_PREVIEWS = YES;
				GENERATE_INFOPLIST_FILE = YES;
				INFOPLIST_KEY_UIApplicationSceneManifest_Generation = YES;
				INFOPLIST_KEY_UIApplicationSupportsIndirectInputEvents = YES;
				INFOPLIST_KEY_UILaunchScreen_Generation = YES;
				INFOPLIST_KEY_UISupportedInterfaceOrientations = UIInterfaceOrientationPortrait;
				INFOPLIST_KEY_UISupportedInterfaceOrientations_iPad = "UIInterfaceOrientationLandscapeLeft UIInterfaceOrientationLandscapeRight UIInterfaceOrientationPortrait UIInterfaceOrientationPortraitUpsideDown";
				LD_RUNPATH_SEARCH_PATHS = (
					"$(inherited)",
					"@executable_path/Frameworks",
				);
				MARKETING_VERSION = 1.0;
				PRODUCT_BUNDLE_IDENTIFIER = com.nikiforov.OnlineShop;
				PRODUCT_NAME = "$(TARGET_NAME)";
				SUPPORTED_PLATFORMS = "iphoneos iphonesimulator";
				SUPPORTS_MACCATALYST = NO;
				SUPPORTS_MAC_DESIGNED_FOR_IPHONE_IPAD = NO;
				SWIFT_EMIT_LOC_STRINGS = YES;
				SWIFT_VERSION = 5.0;
				TARGETED_DEVICE_FAMILY = 1;
			};
			name = Debug;
		};
		AC5FB3D92D2C56EF00C933FC /* Release */ = {
			isa = XCBuildConfiguration;
			buildSettings = {
				ASSETCATALOG_COMPILER_APPICON_NAME = AppIcon;
				ASSETCATALOG_COMPILER_GLOBAL_ACCENT_COLOR_NAME = AccentColor;
				CODE_SIGN_STYLE = Automatic;
				CURRENT_PROJECT_VERSION = 1;
				DEVELOPMENT_ASSET_PATHS = "\"OnlineShop/Preview Content\"";
				DEVELOPMENT_TEAM = MSVFBRY49T;
				ENABLE_PREVIEWS = YES;
				GENERATE_INFOPLIST_FILE = YES;
				INFOPLIST_KEY_UIApplicationSceneManifest_Generation = YES;
				INFOPLIST_KEY_UIApplicationSupportsIndirectInputEvents = YES;
				INFOPLIST_KEY_UILaunchScreen_Generation = YES;
				INFOPLIST_KEY_UISupportedInterfaceOrientations = UIInterfaceOrientationPortrait;
				INFOPLIST_KEY_UISupportedInterfaceOrientations_iPad = "UIInterfaceOrientationLandscapeLeft UIInterfaceOrientationLandscapeRight UIInterfaceOrientationPortrait UIInterfaceOrientationPortraitUpsideDown";
				LD_RUNPATH_SEARCH_PATHS = (
					"$(inherited)",
					"@executable_path/Frameworks",
				);
				MARKETING_VERSION = 1.0;
				PRODUCT_BUNDLE_IDENTIFIER = com.nikiforov.OnlineShop;
				PRODUCT_NAME = "$(TARGET_NAME)";
				SUPPORTED_PLATFORMS = "iphoneos iphonesimulator";
				SUPPORTS_MACCATALYST = NO;
				SUPPORTS_MAC_DESIGNED_FOR_IPHONE_IPAD = NO;
				SWIFT_EMIT_LOC_STRINGS = YES;
				SWIFT_VERSION = 5.0;
				TARGETED_DEVICE_FAMILY = 1;
			};
			name = Release;
		};
/* End XCBuildConfiguration section */

/* Begin XCConfigurationList section */
		AC5FB3C42D2C56ED00C933FC /* Build configuration list for PBXProject "OnlineShop" */ = {
			isa = XCConfigurationList;
			buildConfigurations = (
				AC5FB3D52D2C56EF00C933FC /* Debug */,
				AC5FB3D62D2C56EF00C933FC /* Release */,
			);
			defaultConfigurationIsVisible = 0;
			defaultConfigurationName = Release;
		};
		AC5FB3D72D2C56EF00C933FC /* Build configuration list for PBXNativeTarget "OnlineShop" */ = {
			isa = XCConfigurationList;
			buildConfigurations = (
				AC5FB3D82D2C56EF00C933FC /* Debug */,
				AC5FB3D92D2C56EF00C933FC /* Release */,
			);
			defaultConfigurationIsVisible = 0;
			defaultConfigurationName = Release;
		};
/* End XCConfigurationList section */

/* Begin XCRemoteSwiftPackageReference section */
		AC5FB3DC2D2C5C1E00C933FC /* XCRemoteSwiftPackageReference "firebase-ios-sdk" */ = {
			isa = XCRemoteSwiftPackageReference;
			repositoryURL = "https://github.com/firebase/firebase-ios-sdk";
			requirement = {
				kind = upToNextMajorVersion;
				minimumVersion = 11.6.0;
			};
		};
/* End XCRemoteSwiftPackageReference section */

/* Begin XCSwiftPackageProductDependency section */
		AC5FB3DD2D2C5C1E00C933FC /* FirebaseAnalytics */ = {
			isa = XCSwiftPackageProductDependency;
			package = AC5FB3DC2D2C5C1E00C933FC /* XCRemoteSwiftPackageReference "firebase-ios-sdk" */;
			productName = FirebaseAnalytics;
		};
		AC5FB3DF2D2C5C1E00C933FC /* FirebaseAnalyticsOnDeviceConversion */ = {
			isa = XCSwiftPackageProductDependency;
			package = AC5FB3DC2D2C5C1E00C933FC /* XCRemoteSwiftPackageReference "firebase-ios-sdk" */;
			productName = FirebaseAnalyticsOnDeviceConversion;
		};
		AC5FB3E12D2C5C1E00C933FC /* FirebaseAnalyticsWithoutAdIdSupport */ = {
			isa = XCSwiftPackageProductDependency;
			package = AC5FB3DC2D2C5C1E00C933FC /* XCRemoteSwiftPackageReference "firebase-ios-sdk" */;
			productName = FirebaseAnalyticsWithoutAdIdSupport;
		};
		AC5FB3E32D2C5C1E00C933FC /* FirebaseAppCheck */ = {
			isa = XCSwiftPackageProductDependency;
			package = AC5FB3DC2D2C5C1E00C933FC /* XCRemoteSwiftPackageReference "firebase-ios-sdk" */;
			productName = FirebaseAppCheck;
		};
		AC5FB3E52D2C5C1E00C933FC /* FirebaseAppDistribution-Beta */ = {
			isa = XCSwiftPackageProductDependency;
			package = AC5FB3DC2D2C5C1E00C933FC /* XCRemoteSwiftPackageReference "firebase-ios-sdk" */;
			productName = "FirebaseAppDistribution-Beta";
		};
		ACDC5F752D2D16E60016B00A /* FirebaseAnalytics */ = {
			isa = XCSwiftPackageProductDependency;
			package = AC5FB3DC2D2C5C1E00C933FC /* XCRemoteSwiftPackageReference "firebase-ios-sdk" */;
			productName = FirebaseAnalytics;
		};
		ACDC5F772D2D16E60016B00A /* FirebaseAnalyticsOnDeviceConversion */ = {
			isa = XCSwiftPackageProductDependency;
			package = AC5FB3DC2D2C5C1E00C933FC /* XCRemoteSwiftPackageReference "firebase-ios-sdk" */;
			productName = FirebaseAnalyticsOnDeviceConversion;
		};
		ACDC5F792D2D16E60016B00A /* FirebaseAnalyticsWithoutAdIdSupport */ = {
			isa = XCSwiftPackageProductDependency;
			package = AC5FB3DC2D2C5C1E00C933FC /* XCRemoteSwiftPackageReference "firebase-ios-sdk" */;
			productName = FirebaseAnalyticsWithoutAdIdSupport;
		};
		ACDC5F7B2D2D16E60016B00A /* FirebaseAppCheck */ = {
			isa = XCSwiftPackageProductDependency;
			package = AC5FB3DC2D2C5C1E00C933FC /* XCRemoteSwiftPackageReference "firebase-ios-sdk" */;
			productName = FirebaseAppCheck;
		};
		ACDC5F7D2D2D16E60016B00A /* FirebaseAppDistribution-Beta */ = {
			isa = XCSwiftPackageProductDependency;
			package = AC5FB3DC2D2C5C1E00C933FC /* XCRemoteSwiftPackageReference "firebase-ios-sdk" */;
			productName = "FirebaseAppDistribution-Beta";
		};
		ACDC5F7F2D2D16E60016B00A /* FirebaseAuth */ = {
			isa = XCSwiftPackageProductDependency;
			package = AC5FB3DC2D2C5C1E00C933FC /* XCRemoteSwiftPackageReference "firebase-ios-sdk" */;
			productName = FirebaseAuth;
		};
		ACDC5F812D2D16E60016B00A /* FirebaseAuthCombine-Community */ = {
			isa = XCSwiftPackageProductDependency;
			package = AC5FB3DC2D2C5C1E00C933FC /* XCRemoteSwiftPackageReference "firebase-ios-sdk" */;
			productName = "FirebaseAuthCombine-Community";
		};
		ACDC5F832D2D16E60016B00A /* FirebaseCore */ = {
			isa = XCSwiftPackageProductDependency;
			package = AC5FB3DC2D2C5C1E00C933FC /* XCRemoteSwiftPackageReference "firebase-ios-sdk" */;
			productName = FirebaseCore;
		};
		ACDC5F852D2D16E60016B00A /* FirebaseCrashlytics */ = {
			isa = XCSwiftPackageProductDependency;
			package = AC5FB3DC2D2C5C1E00C933FC /* XCRemoteSwiftPackageReference "firebase-ios-sdk" */;
			productName = FirebaseCrashlytics;
		};
		ACDC5F872D2D16E60016B00A /* FirebaseDatabase */ = {
			isa = XCSwiftPackageProductDependency;
			package = AC5FB3DC2D2C5C1E00C933FC /* XCRemoteSwiftPackageReference "firebase-ios-sdk" */;
			productName = FirebaseDatabase;
		};
		ACDC5F892D2D16E60016B00A /* FirebaseDynamicLinks */ = {
			isa = XCSwiftPackageProductDependency;
			package = AC5FB3DC2D2C5C1E00C933FC /* XCRemoteSwiftPackageReference "firebase-ios-sdk" */;
			productName = FirebaseDynamicLinks;
		};
		ACDC5F8B2D2D16E60016B00A /* FirebaseFirestore */ = {
			isa = XCSwiftPackageProductDependency;
			package = AC5FB3DC2D2C5C1E00C933FC /* XCRemoteSwiftPackageReference "firebase-ios-sdk" */;
			productName = FirebaseFirestore;
		};
		ACDC5F8D2D2D16E60016B00A /* FirebaseFirestoreCombine-Community */ = {
			isa = XCSwiftPackageProductDependency;
			package = AC5FB3DC2D2C5C1E00C933FC /* XCRemoteSwiftPackageReference "firebase-ios-sdk" */;
			productName = "FirebaseFirestoreCombine-Community";
		};
		ACDC5F8F2D2D16E60016B00A /* FirebaseFunctions */ = {
			isa = XCSwiftPackageProductDependency;
			package = AC5FB3DC2D2C5C1E00C933FC /* XCRemoteSwiftPackageReference "firebase-ios-sdk" */;
			productName = FirebaseFunctions;
		};
		ACDC5F912D2D16E60016B00A /* FirebaseFunctionsCombine-Community */ = {
			isa = XCSwiftPackageProductDependency;
			package = AC5FB3DC2D2C5C1E00C933FC /* XCRemoteSwiftPackageReference "firebase-ios-sdk" */;
			productName = "FirebaseFunctionsCombine-Community";
		};
		ACDC5F932D2D16E60016B00A /* FirebaseInAppMessaging-Beta */ = {
			isa = XCSwiftPackageProductDependency;
			package = AC5FB3DC2D2C5C1E00C933FC /* XCRemoteSwiftPackageReference "firebase-ios-sdk" */;
			productName = "FirebaseInAppMessaging-Beta";
		};
		ACDC5F952D2D16E60016B00A /* FirebaseInstallations */ = {
			isa = XCSwiftPackageProductDependency;
			package = AC5FB3DC2D2C5C1E00C933FC /* XCRemoteSwiftPackageReference "firebase-ios-sdk" */;
			productName = FirebaseInstallations;
		};
		ACDC5F972D2D16E60016B00A /* FirebaseMLModelDownloader */ = {
			isa = XCSwiftPackageProductDependency;
			package = AC5FB3DC2D2C5C1E00C933FC /* XCRemoteSwiftPackageReference "firebase-ios-sdk" */;
			productName = FirebaseMLModelDownloader;
		};
		ACDC5F992D2D16E60016B00A /* FirebaseMessaging */ = {
			isa = XCSwiftPackageProductDependency;
			package = AC5FB3DC2D2C5C1E00C933FC /* XCRemoteSwiftPackageReference "firebase-ios-sdk" */;
			productName = FirebaseMessaging;
		};
		ACDC5F9B2D2D16E60016B00A /* FirebasePerformance */ = {
			isa = XCSwiftPackageProductDependency;
			package = AC5FB3DC2D2C5C1E00C933FC /* XCRemoteSwiftPackageReference "firebase-ios-sdk" */;
			productName = FirebasePerformance;
		};
		ACDC5F9D2D2D16E60016B00A /* FirebaseRemoteConfig */ = {
			isa = XCSwiftPackageProductDependency;
			package = AC5FB3DC2D2C5C1E00C933FC /* XCRemoteSwiftPackageReference "firebase-ios-sdk" */;
			productName = FirebaseRemoteConfig;
		};
		ACDC5F9F2D2D16E60016B00A /* FirebaseStorage */ = {
			isa = XCSwiftPackageProductDependency;
			package = AC5FB3DC2D2C5C1E00C933FC /* XCRemoteSwiftPackageReference "firebase-ios-sdk" */;
			productName = FirebaseStorage;
		};
		ACDC5FA12D2D16E60016B00A /* FirebaseStorageCombine-Community */ = {
			isa = XCSwiftPackageProductDependency;
			package = AC5FB3DC2D2C5C1E00C933FC /* XCRemoteSwiftPackageReference "firebase-ios-sdk" */;
			productName = "FirebaseStorageCombine-Community";
		};
		ACDC5FA32D2D16E60016B00A /* FirebaseVertexAI */ = {
			isa = XCSwiftPackageProductDependency;
			package = AC5FB3DC2D2C5C1E00C933FC /* XCRemoteSwiftPackageReference "firebase-ios-sdk" */;
			productName = FirebaseVertexAI;
		};
		ACDC5FA52D2D17D60016B00A /* FirebaseAnalytics */ = {
			isa = XCSwiftPackageProductDependency;
			package = AC5FB3DC2D2C5C1E00C933FC /* XCRemoteSwiftPackageReference "firebase-ios-sdk" */;
			productName = FirebaseAnalytics;
		};
		ACDC5FA72D2D17D60016B00A /* FirebaseAnalyticsOnDeviceConversion */ = {
			isa = XCSwiftPackageProductDependency;
			package = AC5FB3DC2D2C5C1E00C933FC /* XCRemoteSwiftPackageReference "firebase-ios-sdk" */;
			productName = FirebaseAnalyticsOnDeviceConversion;
		};
		ACDC5FA92D2D17D60016B00A /* FirebaseAnalyticsWithoutAdIdSupport */ = {
			isa = XCSwiftPackageProductDependency;
			package = AC5FB3DC2D2C5C1E00C933FC /* XCRemoteSwiftPackageReference "firebase-ios-sdk" */;
			productName = FirebaseAnalyticsWithoutAdIdSupport;
		};
		ACDC5FAB2D2D17D60016B00A /* FirebaseAppCheck */ = {
			isa = XCSwiftPackageProductDependency;
			package = AC5FB3DC2D2C5C1E00C933FC /* XCRemoteSwiftPackageReference "firebase-ios-sdk" */;
			productName = FirebaseAppCheck;
		};
		ACDC5FAD2D2D17D60016B00A /* FirebaseAppDistribution-Beta */ = {
			isa = XCSwiftPackageProductDependency;
			package = AC5FB3DC2D2C5C1E00C933FC /* XCRemoteSwiftPackageReference "firebase-ios-sdk" */;
			productName = "FirebaseAppDistribution-Beta";
		};
/* End XCSwiftPackageProductDependency section */
	};
	rootObject = AC5FB3C12D2C56ED00C933FC /* Project object */;
}
